
Microsoft Visual Studio Solution File, Format Version 12.00
# Visual Studio Version 16
VisualStudioVersion = 16.0.30011.22
MinimumVisualStudioVersion = 10.0.40219.1
Project("{9A19103F-16F7-4668-BE54-9A1E7A4F7556}") = "Diplomski_TimescaleDB", "Diplomski_TimescaleDB\Diplomski_TimescaleDB.csproj", "{104D395C-421F-4CFC-BEBB-9A4E2FA30DC4}"
EndProject
Project("{9A19103F-16F7-4668-BE54-9A1E7A4F7556}") = "Weather_pro_1", "Weather_pro_1\Weather_pro_1.csproj", "{9B83E377-D6DA-4EC8-A682-3C9BB5300D67}"
EndProject
Project("{FAE04EC0-301F-11D3-BF4B-00C04F79EFBC}") = "DataReceiver", "DataReceiver\DataReceiver.csproj", "{16740074-1ADF-42B3-BB96-8918ACF26E6D}"
EndProject
Global
	GlobalSection(SolutionConfigurationPlatforms) = preSolution
		Debug|Any CPU = Debug|Any CPU
		Release|Any CPU = Release|Any CPU
	EndGlobalSection
	GlobalSection(ProjectConfigurationPlatforms) = postSolution
		{104D395C-421F-4CFC-BEBB-9A4E2FA30DC4}.Debug|Any CPU.ActiveCfg = Debug|Any CPU
		{104D395C-421F-4CFC-BEBB-9A4E2FA30DC4}.Debug|Any CPU.Build.0 = Debug|Any CPU
		{104D395C-421F-4CFC-BEBB-9A4E2FA30DC4}.Release|Any CPU.ActiveCfg = Release|Any CPU
		{104D395C-421F-4CFC-BEBB-9A4E2FA30DC4}.Release|Any CPU.Build.0 = Release|Any CPU
		{9B83E377-D6DA-4EC8-A682-3C9BB5300D67}.Debug|Any CPU.ActiveCfg = Debug|Any CPU
		{9B83E377-D6DA-4EC8-A682-3C9BB5300D67}.Debug|Any CPU.Build.0 = Debug|Any CPU
		{9B83E377-D6DA-4EC8-A682-3C9BB5300D67}.Release|Any CPU.ActiveCfg = Release|Any CPU
		{9B83E377-D6DA-4EC8-A682-3C9BB5300D67}.Release|Any CPU.Build.0 = Release|Any CPU
		{16740074-1ADF-42B3-BB96-8918ACF26E6D}.Debug|Any CPU.ActiveCfg = Debug|Any CPU
		{16740074-1ADF-42B3-BB96-8918ACF26E6D}.Debug|Any CPU.Build.0 = Debug|Any CPU
		{16740074-1ADF-42B3-BB96-8918ACF26E6D}.Release|Any CPU.ActiveCfg = Release|Any CPU
		{16740074-1ADF-42B3-BB96-8918ACF26E6D}.Release|Any CPU.Build.0 = Release|Any CPU
	EndGlobalSection
	GlobalSection(SolutionProperties) = preSolution
		HideSolutionNode = FALSE
	EndGlobalSection
	GlobalSection(ExtensibilityGlobals) = postSolution
		SolutionGuid = {E0131AAE-937E-4ED8-8C1B-436AFA1CFC47}
	EndGlobalSection
EndGlobal
